// !$*UTF8*$!
{
	archiveVersion = 1;
	classes = {
	};
	objectVersion = 50;
	objects = {

/* Begin PBXBuildFile section */
		824715C121ED03300056A045 /* AppDelegate.swift in Sources */ = {isa = PBXBuildFile; fileRef = 824715C021ED03300056A045 /* AppDelegate.swift */; };
		824715C321ED03300056A045 /* ChooseOutputViewController.swift in Sources */ = {isa = PBXBuildFile; fileRef = 824715C221ED03300056A045 /* ChooseOutputViewController.swift */; };
		824715C621ED03300056A045 /* Main.storyboard in Resources */ = {isa = PBXBuildFile; fileRef = 824715C421ED03300056A045 /* Main.storyboard */; };
		824715C821ED03340056A045 /* Assets.xcassets in Resources */ = {isa = PBXBuildFile; fileRef = 824715C721ED03340056A045 /* Assets.xcassets */; };
		824715CB21ED03340056A045 /* LaunchScreen.storyboard in Resources */ = {isa = PBXBuildFile; fileRef = 824715C921ED03340056A045 /* LaunchScreen.storyboard */; };
		824715D421ED04050056A045 /* art.scnassets in Resources */ = {isa = PBXBuildFile; fileRef = 824715D321ED04050056A045 /* art.scnassets */; };
		824715D621ED071F0056A045 /* AROutputViewController.swift in Sources */ = {isa = PBXBuildFile; fileRef = 824715D521ED071F0056A045 /* AROutputViewController.swift */; };
		8269F047220655850076C800 /* Pallets.swift in Sources */ = {isa = PBXBuildFile; fileRef = 8269F046220655850076C800 /* Pallets.swift */; };
		8269F049220680A90076C800 /* CollectionImageCell.swift in Sources */ = {isa = PBXBuildFile; fileRef = 8269F048220680A90076C800 /* CollectionImageCell.swift */; };
		8269F04D22068B960076C800 /* pallet-icon.png in Resources */ = {isa = PBXBuildFile; fileRef = 8269F04C22068B950076C800 /* pallet-icon.png */; };
/* End PBXBuildFile section */

/* Begin PBXFileReference section */
		824715BD21ED03300056A045 /* OutputApp.app */ = {isa = PBXFileReference; explicitFileType = wrapper.application; includeInIndex = 0; path = OutputApp.app; sourceTree = BUILT_PRODUCTS_DIR; };
		824715C021ED03300056A045 /* AppDelegate.swift */ = {isa = PBXFileReference; lastKnownFileType = sourcecode.swift; path = AppDelegate.swift; sourceTree = "<group>"; };
		824715C221ED03300056A045 /* ChooseOutputViewController.swift */ = {isa = PBXFileReference; lastKnownFileType = sourcecode.swift; path = ChooseOutputViewController.swift; sourceTree = "<group>"; };
		824715C521ED03300056A045 /* Base */ = {isa = PBXFileReference; lastKnownFileType = file.storyboard; name = Base; path = Base.lproj/Main.storyboard; sourceTree = "<group>"; };
		824715C721ED03340056A045 /* Assets.xcassets */ = {isa = PBXFileReference; lastKnownFileType = folder.assetcatalog; path = Assets.xcassets; sourceTree = "<group>"; };
		824715CA21ED03340056A045 /* Base */ = {isa = PBXFileReference; lastKnownFileType = file.storyboard; name = Base; path = Base.lproj/LaunchScreen.storyboard; sourceTree = "<group>"; };
		824715CC21ED03340056A045 /* Info.plist */ = {isa = PBXFileReference; lastKnownFileType = text.plist.xml; path = Info.plist; sourceTree = "<group>"; };
		824715D321ED04050056A045 /* art.scnassets */ = {isa = PBXFileReference; lastKnownFileType = wrapper.scnassets; path = art.scnassets; sourceTree = "<group>"; };
		824715D521ED071F0056A045 /* AROutputViewController.swift */ = {isa = PBXFileReference; lastKnownFileType = sourcecode.swift; path = AROutputViewController.swift; sourceTree = "<group>"; };
		8269F046220655850076C800 /* Pallets.swift */ = {isa = PBXFileReference; lastKnownFileType = sourcecode.swift; path = Pallets.swift; sourceTree = "<group>"; };
		8269F048220680A90076C800 /* CollectionImageCell.swift */ = {isa = PBXFileReference; lastKnownFileType = sourcecode.swift; path = CollectionImageCell.swift; sourceTree = "<group>"; };
		8269F04C22068B950076C800 /* pallet-icon.png */ = {isa = PBXFileReference; lastKnownFileType = image.png; path = "pallet-icon.png"; sourceTree = "<group>"; };
/* End PBXFileReference section */

/* Begin PBXFrameworksBuildPhase section */
		824715BA21ED03300056A045 /* Frameworks */ = {
			isa = PBXFrameworksBuildPhase;
			buildActionMask = 2147483647;
			files = (
			);
			runOnlyForDeploymentPostprocessing = 0;
		};
/* End PBXFrameworksBuildPhase section */

/* Begin PBXGroup section */
		824715B421ED03300056A045 = {
			isa = PBXGroup;
			children = (
				824715BF21ED03300056A045 /* OutputApp */,
				824715BE21ED03300056A045 /* Products */,
			);
			sourceTree = "<group>";
		};
		824715BE21ED03300056A045 /* Products */ = {
			isa = PBXGroup;
			children = (
				824715BD21ED03300056A045 /* OutputApp.app */,
			);
			name = Products;
			sourceTree = "<group>";
		};
		824715BF21ED03300056A045 /* OutputApp */ = {
			isa = PBXGroup;
			children = (
				8269F04C22068B950076C800 /* pallet-icon.png */,
				824715D321ED04050056A045 /* art.scnassets */,
				824715C021ED03300056A045 /* AppDelegate.swift */,
				824715C221ED03300056A045 /* ChooseOutputViewController.swift */,
				824715D521ED071F0056A045 /* AROutputViewController.swift */,
				8269F046220655850076C800 /* Pallets.swift */,
				824715C421ED03300056A045 /* Main.storyboard */,
				8269F048220680A90076C800 /* CollectionImageCell.swift */,
				824715C721ED03340056A045 /* Assets.xcassets */,
				824715C921ED03340056A045 /* LaunchScreen.storyboard */,
				824715CC21ED03340056A045 /* Info.plist */,
			);
			path = OutputApp;
			sourceTree = "<group>";
		};
/* End PBXGroup section */

/* Begin PBXNativeTarget section */
		824715BC21ED03300056A045 /* OutputApp */ = {
			isa = PBXNativeTarget;
			buildConfigurationList = 824715CF21ED03340056A045 /* Build configuration list for PBXNativeTarget "OutputApp" */;
			buildPhases = (
				824715B921ED03300056A045 /* Sources */,
				824715BA21ED03300056A045 /* Frameworks */,
				824715BB21ED03300056A045 /* Resources */,
			);
			buildRules = (
			);
			dependencies = (
			);
			name = OutputApp;
			productName = OutputApp;
			productReference = 824715BD21ED03300056A045 /* OutputApp.app */;
			productType = "com.apple.product-type.application";
		};
/* End PBXNativeTarget section */

/* Begin PBXProject section */
		824715B521ED03300056A045 /* Project object */ = {
			isa = PBXProject;
			attributes = {
				LastSwiftUpdateCheck = 1010;
				LastUpgradeCheck = 1010;
				ORGANIZATIONNAME = fiveforadollar;
				TargetAttributes = {
					824715BC21ED03300056A045 = {
						CreatedOnToolsVersion = 10.1;
					};
				};
			};
			buildConfigurationList = 824715B821ED03300056A045 /* Build configuration list for PBXProject "OutputApp" */;
			compatibilityVersion = "Xcode 9.3";
			developmentRegion = en;
			hasScannedForEncodings = 0;
			knownRegions = (
				en,
				Base,
			);
			mainGroup = 824715B421ED03300056A045;
			productRefGroup = 824715BE21ED03300056A045 /* Products */;
			projectDirPath = "";
			projectRoot = "";
			targets = (
				824715BC21ED03300056A045 /* OutputApp */,
			);
		};
/* End PBXProject section */

/* Begin PBXResourcesBuildPhase section */
		824715BB21ED03300056A045 /* Resources */ = {
			isa = PBXResourcesBuildPhase;
			buildActionMask = 2147483647;
			files = (
				824715CB21ED03340056A045 /* LaunchScreen.storyboard in Resources */,
				824715C821ED03340056A045 /* Assets.xcassets in Resources */,
				824715D421ED04050056A045 /* art.scnassets in Resources */,
				824715C621ED03300056A045 /* Main.storyboard in Resources */,
				8269F04D22068B960076C800 /* pallet-icon.png in Resources */,
			);
			runOnlyForDeploymentPostprocessing = 0;
		};
/* End PBXResourcesBuildPhase section */

/* Begin PBXSourcesBuildPhase section */
		824715B921ED03300056A045 /* Sources */ = {
			isa = PBXSourcesBuildPhase;
			buildActionMask = 2147483647;
			files = (
				824715C321ED03300056A045 /* ChooseOutputViewController.swift in Sources */,
				8269F049220680A90076C800 /* CollectionImageCell.swift in Sources */,
				8269F047220655850076C800 /* Pallets.swift in Sources */,
				824715D621ED071F0056A045 /* AROutputViewController.swift in Sources */,
				824715C121ED03300056A045 /* AppDelegate.swift in Sources */,
			);
			runOnlyForDeploymentPostprocessing = 0;
		};
/* End PBXSourcesBuildPhase section */

/* Begin PBXVariantGroup section */
		824715C421ED03300056A045 /* Main.storyboard */ = {
			isa = PBXVariantGroup;
			children = (
				824715C521ED03300056A045 /* Base */,
			);
			name = Main.storyboard;
			sourceTree = "<group>";
		};
		824715C921ED03340056A045 /* LaunchScreen.storyboard */ = {
			isa = PBXVariantGroup;
			children = (
				824715CA21ED03340056A045 /* Base */,
			);
			name = LaunchScreen.storyboard;
			sourceTree = "<group>";
		};
/* End PBXVariantGroup section */

/* Begin XCBuildConfiguration section */
		824715CD21ED03340056A045 /* Debug */ = {
			isa = XCBuildConfiguration;
			buildSettings = {
				ALWAYS_SEARCH_USER_PATHS = NO;
				CLANG_ANALYZER_NONNULL = YES;
				CLANG_ANALYZER_NUMBER_OBJECT_CONVERSION = YES_AGGRESSIVE;
				CLANG_CXX_LANGUAGE_STANDARD = "gnu++14";
				CLANG_CXX_LIBRARY = "libc++";
				CLANG_ENABLE_MODULES = YES;
				CLANG_ENABLE_OBJC_ARC = YES;
				CLANG_ENABLE_OBJC_WEAK = YES;
				CLANG_WARN_BLOCK_CAPTURE_AUTORELEASING = YES;
				CLANG_WARN_BOOL_CONVERSION = YES;
				CLANG_WARN_COMMA = YES;
				CLANG_WARN_CONSTANT_CONVERSION = YES;
				CLANG_WARN_DEPRECATED_OBJC_IMPLEMENTATIONS = YES;
				CLANG_WARN_DIRECT_OBJC_ISA_USAGE = YES_ERROR;
				CLANG_WARN_DOCUMENTATION_COMMENTS = YES;
				CLANG_WARN_EMPTY_BODY = YES;
				CLANG_WARN_ENUM_CONVERSION = YES;
				CLANG_WARN_INFINITE_RECURSION = YES;
				CLANG_WARN_INT_CONVERSION = YES;
				CLANG_WARN_NON_LITERAL_NULL_CONVERSION = YES;
				CLANG_WARN_OBJC_IMPLICIT_RETAIN_SELF = YES;
				CLANG_WARN_OBJC_LITERAL_CONVERSION = YES;
				CLANG_WARN_OBJC_ROOT_CLASS = YES_ERROR;
				CLANG_WARN_RANGE_LOOP_ANALYSIS = YES;
				CLANG_WARN_STRICT_PROTOTYPES = YES;
				CLANG_WARN_SUSPICIOUS_MOVE = YES;
				CLANG_WARN_UNGUARDED_AVAILABILITY = YES_AGGRESSIVE;
				CLANG_WARN_UNREACHABLE_CODE = YES;
				CLANG_WARN__DUPLICATE_METHOD_MATCH = YES;
				CODE_SIGN_IDENTITY = "iPhone Developer";
				COPY_PHASE_STRIP = NO;
				DEBUG_INFORMATION_FORMAT = dwarf;
				ENABLE_STRICT_OBJC_MSGSEND = YES;
				ENABLE_TESTABILITY = YES;
				GCC_C_LANGUAGE_STANDARD = gnu11;
				GCC_DYNAMIC_NO_PIC = NO;
				GCC_NO_COMMON_BLOCKS = YES;
				GCC_OPTIMIZATION_LEVEL = 0;
				GCC_PREPROCESSOR_DEFINITIONS = (
					"DEBUG=1",
					"$(inherited)",
				);
				GCC_WARN_64_TO_32_BIT_CONVERSION = YES;
				GCC_WARN_ABOUT_RETURN_TYPE = YES_ERROR;
				GCC_WARN_UNDECLARED_SELECTOR = YES;
				GCC_WARN_UNINITIALIZED_AUTOS = YES_AGGRESSIVE;
				GCC_WARN_UNUSED_FUNCTION = YES;
				GCC_WARN_UNUSED_VARIABLE = YES;
				IPHONEOS_DEPLOYMENT_TARGET = 12.1;
				MTL_ENABLE_DEBUG_INFO = INCLUDE_SOURCE;
				MTL_FAST_MATH = YES;
				ONLY_ACTIVE_ARCH = YES;
				SDKROOT = iphoneos;
				SWIFT_ACTIVE_COMPILATION_CONDITIONS = DEBUG;
				SWIFT_OPTIMIZATION_LEVEL = "-Onone";
			};
			name = Debug;
		};
		824715CE21ED03340056A045 /* Release */ = {
			isa = XCBuildConfiguration;
			buildSettings = {
				ALWAYS_SEARCH_USER_PATHS = NO;
				CLANG_ANALYZER_NONNULL = YES;
				CLANG_ANALYZER_NUMBER_OBJECT_CONVERSION = YES_AGGRESSIVE;
				CLANG_CXX_LANGUAGE_STANDARD = "gnu++14";
				CLANG_CXX_LIBRARY = "libc++";
				CLANG_ENABLE_MODULES = YES;
				CLANG_ENABLE_OBJC_ARC = YES;
				CLANG_ENABLE_OBJC_WEAK = YES;
				CLANG_WARN_BLOCK_CAPTURE_AUTORELEASING = YES;
				CLANG_WARN_BOOL_CONVERSION = YES;
				CLANG_WARN_COMMA = YES;
				CLANG_WARN_CONSTANT_CONVERSION = YES;
				CLANG_WARN_DEPRECATED_OBJC_IMPLEMENTATIONS = YES;
				CLANG_WARN_DIRECT_OBJC_ISA_USAGE = YES_ERROR;
				CLANG_WARN_DOCUMENTATION_COMMENTS = YES;
				CLANG_WARN_EMPTY_BODY = YES;
				CLANG_WARN_ENUM_CONVERSION = YES;
				CLANG_WARN_INFINITE_RECURSION = YES;
				CLANG_WARN_INT_CONVERSION = YES;
				CLANG_WARN_NON_LITERAL_NULL_CONVERSION = YES;
				CLANG_WARN_OBJC_IMPLICIT_RETAIN_SELF = YES;
				CLANG_WARN_OBJC_LITERAL_CONVERSION = YES;
				CLANG_WARN_OBJC_ROOT_CLASS = YES_ERROR;
				CLANG_WARN_RANGE_LOOP_ANALYSIS = YES;
				CLANG_WARN_STRICT_PROTOTYPES = YES;
				CLANG_WARN_SUSPICIOUS_MOVE = YES;
				CLANG_WARN_UNGUARDED_AVAILABILITY = YES_AGGRESSIVE;
				CLANG_WARN_UNREACHABLE_CODE = YES;
				CLANG_WARN__DUPLICATE_METHOD_MATCH = YES;
				CODE_SIGN_IDENTITY = "iPhone Developer";
				COPY_PHASE_STRIP = NO;
				DEBUG_INFORMATION_FORMAT = "dwarf-with-dsym";
				ENABLE_NS_ASSERTIONS = NO;
				ENABLE_STRICT_OBJC_MSGSEND = YES;
				GCC_C_LANGUAGE_STANDARD = gnu11;
				GCC_NO_COMMON_BLOCKS = YES;
				GCC_WARN_64_TO_32_BIT_CONVERSION = YES;
				GCC_WARN_ABOUT_RETURN_TYPE = YES_ERROR;
				GCC_WARN_UNDECLARED_SELECTOR = YES;
				GCC_WARN_UNINITIALIZED_AUTOS = YES_AGGRESSIVE;
				GCC_WARN_UNUSED_FUNCTION = YES;
				GCC_WARN_UNUSED_VARIABLE = YES;
				IPHONEOS_DEPLOYMENT_TARGET = 12.1;
				MTL_ENABLE_DEBUG_INFO = NO;
				MTL_FAST_MATH = YES;
				SDKROOT = iphoneos;
				SWIFT_COMPILATION_MODE = wholemodule;
				SWIFT_OPTIMIZATION_LEVEL = "-O";
				VALIDATE_PRODUCT = YES;
			};
			name = Release;
		};
		824715D021ED03340056A045 /* Debug */ = {
			isa = XCBuildConfiguration;
			buildSettings = {
				ASSETCATALOG_COMPILER_APPICON_NAME = AppIcon;
				CODE_SIGN_STYLE = Automatic;
				DEVELOPMENT_TEAM = XYMZT5SB6U;
				INFOPLIST_FILE = OutputApp/Info.plist;
				LD_RUNPATH_SEARCH_PATHS = (
					"$(inherited)",
					"@executable_path/Frameworks",
				);
				PRODUCT_BUNDLE_IDENTIFIER = com.fiveforadollar.OutputApp;
				PRODUCT_NAME = "$(TARGET_NAME)";
				SWIFT_VERSION = 4.2;
				TARGETED_DEVICE_FAMILY = "1,2";
			};
			name = Debug;
		};
		824715D121ED03340056A045 /* Release */ = {
			isa = XCBuildConfiguration;
			buildSettings = {
				ASSETCATALOG_COMPILER_APPICON_NAME = AppIcon;
				CODE_SIGN_STYLE = Automatic;
				DEVELOPMENT_TEAM = XYMZT5SB6U;
				INFOPLIST_FILE = OutputApp/Info.plist;
				LD_RUNPATH_SEARCH_PATHS = (
					"$(inherited)",
					"@executable_path/Frameworks",
				);
				PRODUCT_BUNDLE_IDENTIFIER = com.fiveforadollar.OutputApp;
				PRODUCT_NAME = "$(TARGET_NAME)";
				SWIFT_VERSION = 4.2;
				TARGETED_DEVICE_FAMILY = "1,2";
			};
			name = Release;
		};
/* End XCBuildConfiguration section */

/* Begin XCConfigurationList section */
		824715B821ED03300056A045 /* Build configuration list for PBXProject "OutputApp" */ = {
			isa = XCConfigurationList;
			buildConfigurations = (
				824715CD21ED03340056A045 /* Debug */,
				824715CE21ED03340056A045 /* Release */,
			);
			defaultConfigurationIsVisible = 0;
			defaultConfigurationName = Release;
		};
		824715CF21ED03340056A045 /* Build configuration list for PBXNativeTarget "OutputApp" */ = {
			isa = XCConfigurationList;
			buildConfigurations = (
				824715D021ED03340056A045 /* Debug */,
				824715D121ED03340056A045 /* Release */,
			);
			defaultConfigurationIsVisible = 0;
			defaultConfigurationName = Release;
		};
/* End XCConfigurationList section */
	};
	rootObject = 824715B521ED03300056A045 /* Project object */;
}
