// !$*UTF8*$!
{
	archiveVersion = 1;
	classes = {
	};
	objectVersion = 50;
	objects = {

/* Begin PBXBuildFile section */
		0E2484B221DD3B76001173D2 /* AppDelegate.swift in Sources */ = {isa = PBXBuildFile; fileRef = 0E2484B121DD3B76001173D2 /* AppDelegate.swift */; };
		0E2484B421DD3B76001173D2 /* ViewController.swift in Sources */ = {isa = PBXBuildFile; fileRef = 0E2484B321DD3B76001173D2 /* ViewController.swift */; };
		0E2484B921DD3B7A001173D2 /* Assets.xcassets in Resources */ = {isa = PBXBuildFile; fileRef = 0E2484B821DD3B7A001173D2 /* Assets.xcassets */; };
		0E2484BC21DD3B7A001173D2 /* LaunchScreen.storyboard in Resources */ = {isa = PBXBuildFile; fileRef = 0E2484BA21DD3B7A001173D2 /* LaunchScreen.storyboard */; };
		0EB66BAF224011A50043B114 /* SetTableViewController.swift in Sources */ = {isa = PBXBuildFile; fileRef = 0EB66BAE224011A50043B114 /* SetTableViewController.swift */; };
		0EB66BB122401D120043B114 /* ChooseOutputViewController.swift in Sources */ = {isa = PBXBuildFile; fileRef = 0EB66BB022401D120043B114 /* ChooseOutputViewController.swift */; };
		0EB66BB322401EFA0043B114 /* Constants.swift in Sources */ = {isa = PBXBuildFile; fileRef = 0EB66BB222401EFA0043B114 /* Constants.swift */; };
		0EB66BB6224022AA0043B114 /* SetTableViewCell.swift in Sources */ = {isa = PBXBuildFile; fileRef = 0EB66BB4224022AA0043B114 /* SetTableViewCell.swift */; };
		0EE4C1C2224828C0009C1FEB /* HomeViewController.swift in Sources */ = {isa = PBXBuildFile; fileRef = 0EE4C1C1224828C0009C1FEB /* HomeViewController.swift */; };
		0EE4C1C422482DEA009C1FEB /* second_closet_logo.png in Resources */ = {isa = PBXBuildFile; fileRef = 0EE4C1C322482DEA009C1FEB /* second_closet_logo.png */; };
		828C8BA12242D3E100497810 /* BoxCollectionViewCell.swift in Sources */ = {isa = PBXBuildFile; fileRef = 828C8BA02242D3E100497810 /* BoxCollectionViewCell.swift */; };
		828C8BA42242D63000497810 /* Main.storyboard in Resources */ = {isa = PBXBuildFile; fileRef = 828C8BA22242D63000497810 /* Main.storyboard */; };
		828C8BA62242DCE800497810 /* box.png in Resources */ = {isa = PBXBuildFile; fileRef = 828C8BA52242DCE800497810 /* box.png */; };
		828C8BA82243461E00497810 /* box-blue.png in Resources */ = {isa = PBXBuildFile; fileRef = 828C8BA72243461D00497810 /* box-blue.png */; };
		82B6F2B12241DDBA002BFE17 /* Colors.swift in Sources */ = {isa = PBXBuildFile; fileRef = 82B6F2AE2241DDBA002BFE17 /* Colors.swift */; };
		82B6F2B22241DDBA002BFE17 /* LayoutViewController.swift in Sources */ = {isa = PBXBuildFile; fileRef = 82B6F2AF2241DDBA002BFE17 /* LayoutViewController.swift */; };
		82B6F2B32241DDBA002BFE17 /* pallet_texture.jpg in Resources */ = {isa = PBXBuildFile; fileRef = 82B6F2B02241DDBA002BFE17 /* pallet_texture.jpg */; };
		82B6F2B52241E88A002BFE17 /* Layout.scnassets in Resources */ = {isa = PBXBuildFile; fileRef = 82B6F2B42241E88A002BFE17 /* Layout.scnassets */; };
		82CF274122402A5C00DB17D3 /* Pallets.swift in Sources */ = {isa = PBXBuildFile; fileRef = 82CF273E22402A5C00DB17D3 /* Pallets.swift */; };
		82CF274222402A5C00DB17D3 /* AROutputViewController.swift in Sources */ = {isa = PBXBuildFile; fileRef = 82CF273F22402A5C00DB17D3 /* AROutputViewController.swift */; };
		82CF274322402A5C00DB17D3 /* CollectionImageCell.swift in Sources */ = {isa = PBXBuildFile; fileRef = 82CF274022402A5C00DB17D3 /* CollectionImageCell.swift */; };
		82FDC5E222418284003CAF33 /* pallet.png in Resources */ = {isa = PBXBuildFile; fileRef = 82FDC5E122418284003CAF33 /* pallet.png */; };
		82FDC5E42241836B003CAF33 /* pallet-blue.png in Resources */ = {isa = PBXBuildFile; fileRef = 82FDC5E32241836B003CAF33 /* pallet-blue.png */; };
		8B511ABC49298E605293F8C8 /* Pods_scanner_2.framework in Frameworks */ = {isa = PBXBuildFile; fileRef = A818A67DED4D45DF38D31DA3 /* Pods_scanner_2.framework */; };
/* End PBXBuildFile section */

/* Begin PBXFileReference section */
		0E2484AE21DD3B76001173D2 /* scanner-2.app */ = {isa = PBXFileReference; explicitFileType = wrapper.application; includeInIndex = 0; path = "scanner-2.app"; sourceTree = BUILT_PRODUCTS_DIR; };
		0E2484B121DD3B76001173D2 /* AppDelegate.swift */ = {isa = PBXFileReference; lastKnownFileType = sourcecode.swift; path = AppDelegate.swift; sourceTree = "<group>"; };
		0E2484B321DD3B76001173D2 /* ViewController.swift */ = {isa = PBXFileReference; lastKnownFileType = sourcecode.swift; path = ViewController.swift; sourceTree = "<group>"; };
		0E2484B821DD3B7A001173D2 /* Assets.xcassets */ = {isa = PBXFileReference; lastKnownFileType = folder.assetcatalog; path = Assets.xcassets; sourceTree = "<group>"; };
		0E2484BB21DD3B7A001173D2 /* Base */ = {isa = PBXFileReference; lastKnownFileType = file.storyboard; name = Base; path = Base.lproj/LaunchScreen.storyboard; sourceTree = "<group>"; };
		0E2484BD21DD3B7A001173D2 /* Info.plist */ = {isa = PBXFileReference; lastKnownFileType = text.plist.xml; path = Info.plist; sourceTree = "<group>"; };
		0EB66BAE224011A50043B114 /* SetTableViewController.swift */ = {isa = PBXFileReference; lastKnownFileType = sourcecode.swift; path = SetTableViewController.swift; sourceTree = "<group>"; };
		0EB66BB022401D120043B114 /* ChooseOutputViewController.swift */ = {isa = PBXFileReference; lastKnownFileType = sourcecode.swift; path = ChooseOutputViewController.swift; sourceTree = "<group>"; };
		0EB66BB222401EFA0043B114 /* Constants.swift */ = {isa = PBXFileReference; lastKnownFileType = sourcecode.swift; path = Constants.swift; sourceTree = "<group>"; };
		0EB66BB4224022AA0043B114 /* SetTableViewCell.swift */ = {isa = PBXFileReference; lastKnownFileType = sourcecode.swift; path = SetTableViewCell.swift; sourceTree = "<group>"; };
		0EE4C1C1224828C0009C1FEB /* HomeViewController.swift */ = {isa = PBXFileReference; lastKnownFileType = sourcecode.swift; path = HomeViewController.swift; sourceTree = "<group>"; };
		0EE4C1C322482DEA009C1FEB /* second_closet_logo.png */ = {isa = PBXFileReference; lastKnownFileType = image.png; path = second_closet_logo.png; sourceTree = "<group>"; };
		7B0F6E7ECF12D73CB600168F /* Pods-scanner-2.debug.xcconfig */ = {isa = PBXFileReference; includeInIndex = 1; lastKnownFileType = text.xcconfig; name = "Pods-scanner-2.debug.xcconfig"; path = "Target Support Files/Pods-scanner-2/Pods-scanner-2.debug.xcconfig"; sourceTree = "<group>"; };
		828C8BA02242D3E100497810 /* BoxCollectionViewCell.swift */ = {isa = PBXFileReference; lastKnownFileType = sourcecode.swift; path = BoxCollectionViewCell.swift; sourceTree = "<group>"; };
		828C8BA32242D63000497810 /* Base */ = {isa = PBXFileReference; lastKnownFileType = file.storyboard; name = Base; path = Base.lproj/Main.storyboard; sourceTree = "<group>"; };
		828C8BA52242DCE800497810 /* box.png */ = {isa = PBXFileReference; lastKnownFileType = image.png; path = box.png; sourceTree = "<group>"; };
		828C8BA72243461D00497810 /* box-blue.png */ = {isa = PBXFileReference; lastKnownFileType = image.png; path = "box-blue.png"; sourceTree = "<group>"; };
		82B6F2AE2241DDBA002BFE17 /* Colors.swift */ = {isa = PBXFileReference; fileEncoding = 4; lastKnownFileType = sourcecode.swift; name = Colors.swift; path = ../../../Visualization/Visualization/Colors.swift; sourceTree = "<group>"; };
		82B6F2AF2241DDBA002BFE17 /* LayoutViewController.swift */ = {isa = PBXFileReference; fileEncoding = 4; lastKnownFileType = sourcecode.swift; name = LayoutViewController.swift; path = ../../../Visualization/Visualization/LayoutViewController.swift; sourceTree = "<group>"; };
		82B6F2B02241DDBA002BFE17 /* pallet_texture.jpg */ = {isa = PBXFileReference; lastKnownFileType = image.jpeg; name = pallet_texture.jpg; path = ../../../Visualization/Visualization/pallet_texture.jpg; sourceTree = "<group>"; };
		82B6F2B42241E88A002BFE17 /* Layout.scnassets */ = {isa = PBXFileReference; lastKnownFileType = wrapper.scnassets; name = Layout.scnassets; path = ../../../Visualization/Visualization/Layout.scnassets; sourceTree = "<group>"; };
		82CF273E22402A5C00DB17D3 /* Pallets.swift */ = {isa = PBXFileReference; fileEncoding = 4; lastKnownFileType = sourcecode.swift; path = Pallets.swift; sourceTree = "<group>"; };
		82CF273F22402A5C00DB17D3 /* AROutputViewController.swift */ = {isa = PBXFileReference; fileEncoding = 4; lastKnownFileType = sourcecode.swift; path = AROutputViewController.swift; sourceTree = "<group>"; };
		82CF274022402A5C00DB17D3 /* CollectionImageCell.swift */ = {isa = PBXFileReference; fileEncoding = 4; lastKnownFileType = sourcecode.swift; path = CollectionImageCell.swift; sourceTree = "<group>"; };
		82FDC5E122418284003CAF33 /* pallet.png */ = {isa = PBXFileReference; lastKnownFileType = image.png; path = pallet.png; sourceTree = "<group>"; };
		82FDC5E32241836B003CAF33 /* pallet-blue.png */ = {isa = PBXFileReference; lastKnownFileType = image.png; path = "pallet-blue.png"; sourceTree = "<group>"; };
		A818A67DED4D45DF38D31DA3 /* Pods_scanner_2.framework */ = {isa = PBXFileReference; explicitFileType = wrapper.framework; includeInIndex = 0; path = Pods_scanner_2.framework; sourceTree = BUILT_PRODUCTS_DIR; };
		EFBA2E7C075F34E384443AF1 /* Pods-scanner-2.release.xcconfig */ = {isa = PBXFileReference; includeInIndex = 1; lastKnownFileType = text.xcconfig; name = "Pods-scanner-2.release.xcconfig"; path = "Target Support Files/Pods-scanner-2/Pods-scanner-2.release.xcconfig"; sourceTree = "<group>"; };
/* End PBXFileReference section */

/* Begin PBXFrameworksBuildPhase section */
		0E2484AB21DD3B76001173D2 /* Frameworks */ = {
			isa = PBXFrameworksBuildPhase;
			buildActionMask = 2147483647;
			files = (
				8B511ABC49298E605293F8C8 /* Pods_scanner_2.framework in Frameworks */,
			);
			runOnlyForDeploymentPostprocessing = 0;
		};
/* End PBXFrameworksBuildPhase section */

/* Begin PBXGroup section */
		0E2484A521DD3B76001173D2 = {
			isa = PBXGroup;
			children = (
				0E2484B021DD3B76001173D2 /* scanner-2 */,
				0E2484AF21DD3B76001173D2 /* Products */,
				5A6E8078AFAB3839A69CF75F /* Pods */,
				4D1387686F53FFEA2C22973A /* Frameworks */,
			);
			sourceTree = "<group>";
		};
		0E2484AF21DD3B76001173D2 /* Products */ = {
			isa = PBXGroup;
			children = (
				0E2484AE21DD3B76001173D2 /* scanner-2.app */,
			);
			name = Products;
			sourceTree = "<group>";
		};
		0E2484B021DD3B76001173D2 /* scanner-2 */ = {
			isa = PBXGroup;
			children = (
				0EE4C1C322482DEA009C1FEB /* second_closet_logo.png */,
				828C8BA72243461D00497810 /* box-blue.png */,
				828C8BA52242DCE800497810 /* box.png */,
				828C8BA22242D63000497810 /* Main.storyboard */,
				82B6F2B42241E88A002BFE17 /* Layout.scnassets */,
				0E2484B321DD3B76001173D2 /* ViewController.swift */,
				0EB66BAE224011A50043B114 /* SetTableViewController.swift */,
				0EB66BB4224022AA0043B114 /* SetTableViewCell.swift */,
				0EB66BB022401D120043B114 /* ChooseOutputViewController.swift */,
				82B6F2AF2241DDBA002BFE17 /* LayoutViewController.swift */,
				82CF273F22402A5C00DB17D3 /* AROutputViewController.swift */,
				82CF274022402A5C00DB17D3 /* CollectionImageCell.swift */,
				828C8BA02242D3E100497810 /* BoxCollectionViewCell.swift */,
				0E2484B121DD3B76001173D2 /* AppDelegate.swift */,
				82B6F2B02241DDBA002BFE17 /* pallet_texture.jpg */,
				82FDC5E32241836B003CAF33 /* pallet-blue.png */,
				82FDC5E122418284003CAF33 /* pallet.png */,
				82CF273E22402A5C00DB17D3 /* Pallets.swift */,
				0E2484B821DD3B7A001173D2 /* Assets.xcassets */,
				0E2484BA21DD3B7A001173D2 /* LaunchScreen.storyboard */,
				0E2484BD21DD3B7A001173D2 /* Info.plist */,
				82B6F2AE2241DDBA002BFE17 /* Colors.swift */,
				0EB66BB222401EFA0043B114 /* Constants.swift */,
				0EE4C1C1224828C0009C1FEB /* HomeViewController.swift */,
			);
			path = "scanner-2";
			sourceTree = "<group>";
		};
		4D1387686F53FFEA2C22973A /* Frameworks */ = {
			isa = PBXGroup;
			children = (
				A818A67DED4D45DF38D31DA3 /* Pods_scanner_2.framework */,
			);
			name = Frameworks;
			sourceTree = "<group>";
		};
		5A6E8078AFAB3839A69CF75F /* Pods */ = {
			isa = PBXGroup;
			children = (
				7B0F6E7ECF12D73CB600168F /* Pods-scanner-2.debug.xcconfig */,
				EFBA2E7C075F34E384443AF1 /* Pods-scanner-2.release.xcconfig */,
			);
			path = Pods;
			sourceTree = "<group>";
		};
/* End PBXGroup section */

/* Begin PBXNativeTarget section */
		0E2484AD21DD3B76001173D2 /* scanner-2 */ = {
			isa = PBXNativeTarget;
			buildConfigurationList = 0E2484C021DD3B7A001173D2 /* Build configuration list for PBXNativeTarget "scanner-2" */;
			buildPhases = (
				C0DFB9C2602F0A0C217484FA /* [CP] Check Pods Manifest.lock */,
				0E2484AA21DD3B76001173D2 /* Sources */,
				0E2484AB21DD3B76001173D2 /* Frameworks */,
				0E2484AC21DD3B76001173D2 /* Resources */,
				69E73FD47295E2305A9C8A77 /* [CP] Embed Pods Frameworks */,
			);
			buildRules = (
			);
			dependencies = (
			);
			name = "scanner-2";
			productName = "scanner-2";
			productReference = 0E2484AE21DD3B76001173D2 /* scanner-2.app */;
			productType = "com.apple.product-type.application";
		};
/* End PBXNativeTarget section */

/* Begin PBXProject section */
		0E2484A621DD3B76001173D2 /* Project object */ = {
			isa = PBXProject;
			attributes = {
				LastSwiftUpdateCheck = 1000;
				LastUpgradeCheck = 1000;
				ORGANIZATIONNAME = "Michael Cesario";
				TargetAttributes = {
					0E2484AD21DD3B76001173D2 = {
						CreatedOnToolsVersion = 10.0;
					};
				};
			};
			buildConfigurationList = 0E2484A921DD3B76001173D2 /* Build configuration list for PBXProject "scanner-2" */;
			compatibilityVersion = "Xcode 9.3";
			developmentRegion = en;
			hasScannedForEncodings = 0;
			knownRegions = (
				en,
				Base,
			);
			mainGroup = 0E2484A521DD3B76001173D2;
			productRefGroup = 0E2484AF21DD3B76001173D2 /* Products */;
			projectDirPath = "";
			projectRoot = "";
			targets = (
				0E2484AD21DD3B76001173D2 /* scanner-2 */,
			);
		};
/* End PBXProject section */

/* Begin PBXResourcesBuildPhase section */
		0E2484AC21DD3B76001173D2 /* Resources */ = {
			isa = PBXResourcesBuildPhase;
			buildActionMask = 2147483647;
			files = (
				0EE4C1C422482DEA009C1FEB /* second_closet_logo.png in Resources */,
				82B6F2B32241DDBA002BFE17 /* pallet_texture.jpg in Resources */,
				82FDC5E222418284003CAF33 /* pallet.png in Resources */,
				82FDC5E42241836B003CAF33 /* pallet-blue.png in Resources */,
				828C8BA62242DCE800497810 /* box.png in Resources */,
				828C8BA42242D63000497810 /* Main.storyboard in Resources */,
				82B6F2B52241E88A002BFE17 /* Layout.scnassets in Resources */,
				0E2484BC21DD3B7A001173D2 /* LaunchScreen.storyboard in Resources */,
				0E2484B921DD3B7A001173D2 /* Assets.xcassets in Resources */,
				828C8BA82243461E00497810 /* box-blue.png in Resources */,
			);
			runOnlyForDeploymentPostprocessing = 0;
		};
/* End PBXResourcesBuildPhase section */

/* Begin PBXShellScriptBuildPhase section */
		69E73FD47295E2305A9C8A77 /* [CP] Embed Pods Frameworks */ = {
			isa = PBXShellScriptBuildPhase;
			buildActionMask = 2147483647;
			files = (
			);
			inputFileListPaths = (
			);
			inputPaths = (
				"${PODS_ROOT}/Target Support Files/Pods-scanner-2/Pods-scanner-2-frameworks.sh",
				"${BUILT_PRODUCTS_DIR}/Alamofire/Alamofire.framework",
				"${BUILT_PRODUCTS_DIR}/ChameleonFramework/ChameleonFramework.framework",
				"${BUILT_PRODUCTS_DIR}/SwiftyJSON/SwiftyJSON.framework",
				"${BUILT_PRODUCTS_DIR}/Toast-Swift/Toast_Swift.framework",
			);
			name = "[CP] Embed Pods Frameworks";
			outputFileListPaths = (
			);
			outputPaths = (
				"${TARGET_BUILD_DIR}/${FRAMEWORKS_FOLDER_PATH}/Alamofire.framework",
				"${TARGET_BUILD_DIR}/${FRAMEWORKS_FOLDER_PATH}/ChameleonFramework.framework",
				"${TARGET_BUILD_DIR}/${FRAMEWORKS_FOLDER_PATH}/SwiftyJSON.framework",
				"${TARGET_BUILD_DIR}/${FRAMEWORKS_FOLDER_PATH}/Toast_Swift.framework",
			);
			runOnlyForDeploymentPostprocessing = 0;
			shellPath = /bin/sh;
			shellScript = "\"${PODS_ROOT}/Target Support Files/Pods-scanner-2/Pods-scanner-2-frameworks.sh\"\n";
			showEnvVarsInLog = 0;
		};
		C0DFB9C2602F0A0C217484FA /* [CP] Check Pods Manifest.lock */ = {
			isa = PBXShellScriptBuildPhase;
			buildActionMask = 2147483647;
			files = (
			);
			inputFileListPaths = (
			);
			inputPaths = (
				"${PODS_PODFILE_DIR_PATH}/Podfile.lock",
				"${PODS_ROOT}/Manifest.lock",
			);
			name = "[CP] Check Pods Manifest.lock";
			outputFileListPaths = (
			);
			outputPaths = (
				"$(DERIVED_FILE_DIR)/Pods-scanner-2-checkManifestLockResult.txt",
			);
			runOnlyForDeploymentPostprocessing = 0;
			shellPath = /bin/sh;
			shellScript = "diff \"${PODS_PODFILE_DIR_PATH}/Podfile.lock\" \"${PODS_ROOT}/Manifest.lock\" > /dev/null\nif [ $? != 0 ] ; then\n    # print error to STDERR\n    echo \"error: The sandbox is not in sync with the Podfile.lock. Run 'pod install' or update your CocoaPods installation.\" >&2\n    exit 1\nfi\n# This output is used by Xcode 'outputs' to avoid re-running this script phase.\necho \"SUCCESS\" > \"${SCRIPT_OUTPUT_FILE_0}\"\n";
			showEnvVarsInLog = 0;
		};
/* End PBXShellScriptBuildPhase section */

/* Begin PBXSourcesBuildPhase section */
		0E2484AA21DD3B76001173D2 /* Sources */ = {
			isa = PBXSourcesBuildPhase;
			buildActionMask = 2147483647;
			files = (
				0EB66BB6224022AA0043B114 /* SetTableViewCell.swift in Sources */,
				82B6F2B12241DDBA002BFE17 /* Colors.swift in Sources */,
				0EB66BB322401EFA0043B114 /* Constants.swift in Sources */,
				82CF274222402A5C00DB17D3 /* AROutputViewController.swift in Sources */,
				0EB66BB122401D120043B114 /* ChooseOutputViewController.swift in Sources */,
				82CF274322402A5C00DB17D3 /* CollectionImageCell.swift in Sources */,
				0E2484B421DD3B76001173D2 /* ViewController.swift in Sources */,
				0E2484B221DD3B76001173D2 /* AppDelegate.swift in Sources */,
				0EB66BAF224011A50043B114 /* SetTableViewController.swift in Sources */,
				82CF274122402A5C00DB17D3 /* Pallets.swift in Sources */,
				828C8BA12242D3E100497810 /* BoxCollectionViewCell.swift in Sources */,
				0EE4C1C2224828C0009C1FEB /* HomeViewController.swift in Sources */,
				82B6F2B22241DDBA002BFE17 /* LayoutViewController.swift in Sources */,
			);
			runOnlyForDeploymentPostprocessing = 0;
		};
/* End PBXSourcesBuildPhase section */

/* Begin PBXVariantGroup section */
		0E2484BA21DD3B7A001173D2 /* LaunchScreen.storyboard */ = {
			isa = PBXVariantGroup;
			children = (
				0E2484BB21DD3B7A001173D2 /* Base */,
			);
			name = LaunchScreen.storyboard;
			sourceTree = "<group>";
		};
		828C8BA22242D63000497810 /* Main.storyboard */ = {
			isa = PBXVariantGroup;
			children = (
				828C8BA32242D63000497810 /* Base */,
			);
			name = Main.storyboard;
			sourceTree = "<group>";
		};
/* End PBXVariantGroup section */

/* Begin XCBuildConfiguration section */
		0E2484BE21DD3B7A001173D2 /* Debug */ = {
			isa = XCBuildConfiguration;
			buildSettings = {
				ALWAYS_SEARCH_USER_PATHS = NO;
				CLANG_ANALYZER_NONNULL = YES;
				CLANG_ANALYZER_NUMBER_OBJECT_CONVERSION = YES_AGGRESSIVE;
				CLANG_CXX_LANGUAGE_STANDARD = "gnu++14";
				CLANG_CXX_LIBRARY = "libc++";
				CLANG_ENABLE_MODULES = YES;
				CLANG_ENABLE_OBJC_ARC = YES;
				CLANG_ENABLE_OBJC_WEAK = YES;
				CLANG_WARN_BLOCK_CAPTURE_AUTORELEASING = YES;
				CLANG_WARN_BOOL_CONVERSION = YES;
				CLANG_WARN_COMMA = YES;
				CLANG_WARN_CONSTANT_CONVERSION = YES;
				CLANG_WARN_DEPRECATED_OBJC_IMPLEMENTATIONS = YES;
				CLANG_WARN_DIRECT_OBJC_ISA_USAGE = YES_ERROR;
				CLANG_WARN_DOCUMENTATION_COMMENTS = YES;
				CLANG_WARN_EMPTY_BODY = YES;
				CLANG_WARN_ENUM_CONVERSION = YES;
				CLANG_WARN_INFINITE_RECURSION = YES;
				CLANG_WARN_INT_CONVERSION = YES;
				CLANG_WARN_NON_LITERAL_NULL_CONVERSION = YES;
				CLANG_WARN_OBJC_IMPLICIT_RETAIN_SELF = YES;
				CLANG_WARN_OBJC_LITERAL_CONVERSION = YES;
				CLANG_WARN_OBJC_ROOT_CLASS = YES_ERROR;
				CLANG_WARN_RANGE_LOOP_ANALYSIS = YES;
				CLANG_WARN_STRICT_PROTOTYPES = YES;
				CLANG_WARN_SUSPICIOUS_MOVE = YES;
				CLANG_WARN_UNGUARDED_AVAILABILITY = YES_AGGRESSIVE;
				CLANG_WARN_UNREACHABLE_CODE = YES;
				CLANG_WARN__DUPLICATE_METHOD_MATCH = YES;
				CODE_SIGN_IDENTITY = "iPhone Developer";
				COPY_PHASE_STRIP = NO;
				DEBUG_INFORMATION_FORMAT = dwarf;
				ENABLE_STRICT_OBJC_MSGSEND = YES;
				ENABLE_TESTABILITY = YES;
				GCC_C_LANGUAGE_STANDARD = gnu11;
				GCC_DYNAMIC_NO_PIC = NO;
				GCC_NO_COMMON_BLOCKS = YES;
				GCC_OPTIMIZATION_LEVEL = 0;
				GCC_PREPROCESSOR_DEFINITIONS = (
					"DEBUG=1",
					"$(inherited)",
				);
				GCC_WARN_64_TO_32_BIT_CONVERSION = YES;
				GCC_WARN_ABOUT_RETURN_TYPE = YES_ERROR;
				GCC_WARN_UNDECLARED_SELECTOR = YES;
				GCC_WARN_UNINITIALIZED_AUTOS = YES_AGGRESSIVE;
				GCC_WARN_UNUSED_FUNCTION = YES;
				GCC_WARN_UNUSED_VARIABLE = YES;
				IPHONEOS_DEPLOYMENT_TARGET = 12.0;
				MTL_ENABLE_DEBUG_INFO = INCLUDE_SOURCE;
				MTL_FAST_MATH = YES;
				ONLY_ACTIVE_ARCH = YES;
				SDKROOT = iphoneos;
				SWIFT_ACTIVE_COMPILATION_CONDITIONS = DEBUG;
				SWIFT_OPTIMIZATION_LEVEL = "-Onone";
			};
			name = Debug;
		};
		0E2484BF21DD3B7A001173D2 /* Release */ = {
			isa = XCBuildConfiguration;
			buildSettings = {
				ALWAYS_SEARCH_USER_PATHS = NO;
				CLANG_ANALYZER_NONNULL = YES;
				CLANG_ANALYZER_NUMBER_OBJECT_CONVERSION = YES_AGGRESSIVE;
				CLANG_CXX_LANGUAGE_STANDARD = "gnu++14";
				CLANG_CXX_LIBRARY = "libc++";
				CLANG_ENABLE_MODULES = YES;
				CLANG_ENABLE_OBJC_ARC = YES;
				CLANG_ENABLE_OBJC_WEAK = YES;
				CLANG_WARN_BLOCK_CAPTURE_AUTORELEASING = YES;
				CLANG_WARN_BOOL_CONVERSION = YES;
				CLANG_WARN_COMMA = YES;
				CLANG_WARN_CONSTANT_CONVERSION = YES;
				CLANG_WARN_DEPRECATED_OBJC_IMPLEMENTATIONS = YES;
				CLANG_WARN_DIRECT_OBJC_ISA_USAGE = YES_ERROR;
				CLANG_WARN_DOCUMENTATION_COMMENTS = YES;
				CLANG_WARN_EMPTY_BODY = YES;
				CLANG_WARN_ENUM_CONVERSION = YES;
				CLANG_WARN_INFINITE_RECURSION = YES;
				CLANG_WARN_INT_CONVERSION = YES;
				CLANG_WARN_NON_LITERAL_NULL_CONVERSION = YES;
				CLANG_WARN_OBJC_IMPLICIT_RETAIN_SELF = YES;
				CLANG_WARN_OBJC_LITERAL_CONVERSION = YES;
				CLANG_WARN_OBJC_ROOT_CLASS = YES_ERROR;
				CLANG_WARN_RANGE_LOOP_ANALYSIS = YES;
				CLANG_WARN_STRICT_PROTOTYPES = YES;
				CLANG_WARN_SUSPICIOUS_MOVE = YES;
				CLANG_WARN_UNGUARDED_AVAILABILITY = YES_AGGRESSIVE;
				CLANG_WARN_UNREACHABLE_CODE = YES;
				CLANG_WARN__DUPLICATE_METHOD_MATCH = YES;
				CODE_SIGN_IDENTITY = "iPhone Developer";
				COPY_PHASE_STRIP = NO;
				DEBUG_INFORMATION_FORMAT = "dwarf-with-dsym";
				ENABLE_NS_ASSERTIONS = NO;
				ENABLE_STRICT_OBJC_MSGSEND = YES;
				GCC_C_LANGUAGE_STANDARD = gnu11;
				GCC_NO_COMMON_BLOCKS = YES;
				GCC_WARN_64_TO_32_BIT_CONVERSION = YES;
				GCC_WARN_ABOUT_RETURN_TYPE = YES_ERROR;
				GCC_WARN_UNDECLARED_SELECTOR = YES;
				GCC_WARN_UNINITIALIZED_AUTOS = YES_AGGRESSIVE;
				GCC_WARN_UNUSED_FUNCTION = YES;
				GCC_WARN_UNUSED_VARIABLE = YES;
				IPHONEOS_DEPLOYMENT_TARGET = 12.0;
				MTL_ENABLE_DEBUG_INFO = NO;
				MTL_FAST_MATH = YES;
				SDKROOT = iphoneos;
				SWIFT_COMPILATION_MODE = wholemodule;
				SWIFT_OPTIMIZATION_LEVEL = "-O";
				VALIDATE_PRODUCT = YES;
			};
			name = Release;
		};
		0E2484C121DD3B7A001173D2 /* Debug */ = {
			isa = XCBuildConfiguration;
			baseConfigurationReference = 7B0F6E7ECF12D73CB600168F /* Pods-scanner-2.debug.xcconfig */;
			buildSettings = {
				ASSETCATALOG_COMPILER_APPICON_NAME = AppIcon;
				CODE_SIGN_IDENTITY = "iPhone Developer";
				CODE_SIGN_STYLE = Automatic;
				DEVELOPMENT_TEAM = 94T64MUK4K;
				INFOPLIST_FILE = "scanner-2/Info.plist";
				LD_RUNPATH_SEARCH_PATHS = (
					"$(inherited)",
					"@executable_path/Frameworks",
				);
				PRODUCT_BUNDLE_IDENTIFIER = "team844.scanner-2";
				PRODUCT_NAME = "$(TARGET_NAME)";
				PROVISIONING_PROFILE_SPECIFIER = "";
				SWIFT_VERSION = 4.2;
				TARGETED_DEVICE_FAMILY = "1,2";
			};
			name = Debug;
		};
		0E2484C221DD3B7A001173D2 /* Release */ = {
			isa = XCBuildConfiguration;
			baseConfigurationReference = EFBA2E7C075F34E384443AF1 /* Pods-scanner-2.release.xcconfig */;
			buildSettings = {
				ASSETCATALOG_COMPILER_APPICON_NAME = AppIcon;
				CODE_SIGN_IDENTITY = "iPhone Developer";
				CODE_SIGN_STYLE = Automatic;
				DEVELOPMENT_TEAM = 94T64MUK4K;
				INFOPLIST_FILE = "scanner-2/Info.plist";
				LD_RUNPATH_SEARCH_PATHS = (
					"$(inherited)",
					"@executable_path/Frameworks",
				);
				PRODUCT_BUNDLE_IDENTIFIER = "team844.scanner-2";
				PRODUCT_NAME = "$(TARGET_NAME)";
				PROVISIONING_PROFILE_SPECIFIER = "";
				SWIFT_VERSION = 4.2;
				TARGETED_DEVICE_FAMILY = "1,2";
			};
			name = Release;
		};
/* End XCBuildConfiguration section */

/* Begin XCConfigurationList section */
		0E2484A921DD3B76001173D2 /* Build configuration list for PBXProject "scanner-2" */ = {
			isa = XCConfigurationList;
			buildConfigurations = (
				0E2484BE21DD3B7A001173D2 /* Debug */,
				0E2484BF21DD3B7A001173D2 /* Release */,
			);
			defaultConfigurationIsVisible = 0;
			defaultConfigurationName = Release;
		};
		0E2484C021DD3B7A001173D2 /* Build configuration list for PBXNativeTarget "scanner-2" */ = {
			isa = XCConfigurationList;
			buildConfigurations = (
				0E2484C121DD3B7A001173D2 /* Debug */,
				0E2484C221DD3B7A001173D2 /* Release */,
			);
			defaultConfigurationIsVisible = 0;
			defaultConfigurationName = Release;
		};
/* End XCConfigurationList section */
	};
	rootObject = 0E2484A621DD3B76001173D2 /* Project object */;
}
